// !$*UTF8*$!
{
	archiveVersion = 1;
	classes = {
	};
	objectVersion = 50;
	objects = {

/* Begin PBXBuildFile section */
		4D74542A21389669E45BAB99 /* Pods_MyPR.framework in Frameworks */ = {isa = PBXBuildFile; fileRef = 2315A8030421F46D09B4BD83 /* Pods_MyPR.framework */; };
		AE0C4DBC216D1DC100F99644 /* LiftCategories.swift in Sources */ = {isa = PBXBuildFile; fileRef = AE0C4DBB216D1DC100F99644 /* LiftCategories.swift */; };
		AE2FA92B2143F9F600622DCD /* Extensions.swift in Sources */ = {isa = PBXBuildFile; fileRef = AE2FA92A2143F9F600622DCD /* Extensions.swift */; };
		AE6CB67521BDE9B200D4BAD9 /* SnapshotHelper.swift in Sources */ = {isa = PBXBuildFile; fileRef = AE6CB67421BDE9B200D4BAD9 /* SnapshotHelper.swift */; };
		AE70C1D9214D2002007A3B92 /* LiftTabBarViewController.swift in Sources */ = {isa = PBXBuildFile; fileRef = AE70C1D8214D2002007A3B92 /* LiftTabBarViewController.swift */; };
		AE7923E12149EA4A00234CAF /* PercentagesViewController.swift in Sources */ = {isa = PBXBuildFile; fileRef = AE7923E02149EA4A00234CAF /* PercentagesViewController.swift */; };
		AEA0581621FB7A6F00369FFE /* DashTableViewCell.swift in Sources */ = {isa = PBXBuildFile; fileRef = AEA0581521FB7A6F00369FFE /* DashTableViewCell.swift */; };
		AEA343222148973800B8BA61 /* LiftHistoryViewController.swift in Sources */ = {isa = PBXBuildFile; fileRef = AEA343212148973800B8BA61 /* LiftHistoryViewController.swift */; };
		AEA34326214897EC00B8BA61 /* LiftHistoryTableViewCell.swift in Sources */ = {isa = PBXBuildFile; fileRef = AEA34325214897EC00B8BA61 /* LiftHistoryTableViewCell.swift */; };
		AEAAB9A82193DAAB0016BE62 /* DBNavViewController.swift in Sources */ = {isa = PBXBuildFile; fileRef = AEAAB9A72193DAAB0016BE62 /* DBNavViewController.swift */; };
		AEB115F521372C5400F49EAE /* ChooseLiftTableViewController.swift in Sources */ = {isa = PBXBuildFile; fileRef = AEB115F421372C5400F49EAE /* ChooseLiftTableViewController.swift */; };
		AEB74357212F56E9007A3425 /* AppDelegate.swift in Sources */ = {isa = PBXBuildFile; fileRef = AEB74356212F56E9007A3425 /* AppDelegate.swift */; };
		AEB7435C212F56EA007A3425 /* Main.storyboard in Resources */ = {isa = PBXBuildFile; fileRef = AEB7435A212F56EA007A3425 /* Main.storyboard */; };
		AEB7435E212F56EB007A3425 /* Assets.xcassets in Resources */ = {isa = PBXBuildFile; fileRef = AEB7435D212F56EB007A3425 /* Assets.xcassets */; };
		AEB74361212F56EB007A3425 /* LaunchScreen.storyboard in Resources */ = {isa = PBXBuildFile; fileRef = AEB7435F212F56EB007A3425 /* LaunchScreen.storyboard */; };
		AEB7436C212F56EB007A3425 /* MyPRTests.swift in Sources */ = {isa = PBXBuildFile; fileRef = AEB7436B212F56EB007A3425 /* MyPRTests.swift */; };
		AEB74377212F56EB007A3425 /* MyPRUITests.swift in Sources */ = {isa = PBXBuildFile; fileRef = AEB74376212F56EB007A3425 /* MyPRUITests.swift */; };
		AEB74385212F571C007A3425 /* Lift.swift in Sources */ = {isa = PBXBuildFile; fileRef = AEB74384212F571B007A3425 /* Lift.swift */; };
		AEB7438D212F90E5007A3425 /* RecordLiftTableViewController.swift in Sources */ = {isa = PBXBuildFile; fileRef = AEB7438C212F90E5007A3425 /* RecordLiftTableViewController.swift */; };
		AECE5E54215D784C00285155 /* User.swift in Sources */ = {isa = PBXBuildFile; fileRef = AECE5E53215D784C00285155 /* User.swift */; };
		AED3DC1A21B43FFA0007107F /* GoogleService-Info.plist in Resources */ = {isa = PBXBuildFile; fileRef = AED3DC1921B43FFA0007107F /* GoogleService-Info.plist */; };
		AEDEF85821558A3000AA78B7 /* LoginViewController.swift in Sources */ = {isa = PBXBuildFile; fileRef = AEDEF85721558A3000AA78B7 /* LoginViewController.swift */; };
		AEDEF85A215590C300AA78B7 /* SignUpViewController.swift in Sources */ = {isa = PBXBuildFile; fileRef = AEDEF859215590C300AA78B7 /* SignUpViewController.swift */; };
		AEEE964221E7BC7B0013829B /* Endurance.swift in Sources */ = {isa = PBXBuildFile; fileRef = AEEE964121E7BC7B0013829B /* Endurance.swift */; };
		AEEE964421E7C7B20013829B /* Strings.swift in Sources */ = {isa = PBXBuildFile; fileRef = AEEE964321E7C7B20013829B /* Strings.swift */; };
		AEFE283121F7C5B200ADFF5B /* DashboardViewController.swift in Sources */ = {isa = PBXBuildFile; fileRef = AEFE283021F7C5B200ADFF5B /* DashboardViewController.swift */; };
		CD0BAFEA8630526B223B0C3F /* Pods_MyPR_MyPRTests.framework in Frameworks */ = {isa = PBXBuildFile; fileRef = 93AC196CB4AAEFBF9F496811 /* Pods_MyPR_MyPRTests.framework */; };
/* End PBXBuildFile section */

/* Begin PBXContainerItemProxy section */
		AEB74368212F56EB007A3425 /* PBXContainerItemProxy */ = {
			isa = PBXContainerItemProxy;
			containerPortal = AEB7434B212F56E9007A3425 /* Project object */;
			proxyType = 1;
			remoteGlobalIDString = AEB74352212F56E9007A3425;
			remoteInfo = MyPR;
		};
		AEB74373212F56EB007A3425 /* PBXContainerItemProxy */ = {
			isa = PBXContainerItemProxy;
			containerPortal = AEB7434B212F56E9007A3425 /* Project object */;
			proxyType = 1;
			remoteGlobalIDString = AEB74352212F56E9007A3425;
			remoteInfo = MyPR;
		};
/* End PBXContainerItemProxy section */

/* Begin PBXFileReference section */
		2315A8030421F46D09B4BD83 /* Pods_MyPR.framework */ = {isa = PBXFileReference; explicitFileType = wrapper.framework; includeInIndex = 0; path = Pods_MyPR.framework; sourceTree = BUILT_PRODUCTS_DIR; };
		63FDEFA992D8738382C4BF20 /* Pods-MyPR-MyPRTests.debug.xcconfig */ = {isa = PBXFileReference; includeInIndex = 1; lastKnownFileType = text.xcconfig; name = "Pods-MyPR-MyPRTests.debug.xcconfig"; path = "Pods/Target Support Files/Pods-MyPR-MyPRTests/Pods-MyPR-MyPRTests.debug.xcconfig"; sourceTree = "<group>"; };
		8E54AE842689515BF8200725 /* Pods-MyPR.release.xcconfig */ = {isa = PBXFileReference; includeInIndex = 1; lastKnownFileType = text.xcconfig; name = "Pods-MyPR.release.xcconfig"; path = "Pods/Target Support Files/Pods-MyPR/Pods-MyPR.release.xcconfig"; sourceTree = "<group>"; };
		93AC196CB4AAEFBF9F496811 /* Pods_MyPR_MyPRTests.framework */ = {isa = PBXFileReference; explicitFileType = wrapper.framework; includeInIndex = 0; path = Pods_MyPR_MyPRTests.framework; sourceTree = BUILT_PRODUCTS_DIR; };
		AE0C4DBB216D1DC100F99644 /* LiftCategories.swift */ = {isa = PBXFileReference; lastKnownFileType = sourcecode.swift; path = LiftCategories.swift; sourceTree = "<group>"; };
		AE2FA92A2143F9F600622DCD /* Extensions.swift */ = {isa = PBXFileReference; lastKnownFileType = sourcecode.swift; path = Extensions.swift; sourceTree = "<group>"; };
		AE6CB67421BDE9B200D4BAD9 /* SnapshotHelper.swift */ = {isa = PBXFileReference; fileEncoding = 4; lastKnownFileType = sourcecode.swift; name = SnapshotHelper.swift; path = fastlane/SnapshotHelper.swift; sourceTree = SOURCE_ROOT; };
		AE6CB67621BDFF8800D4BAD9 /* MyPR.entitlements */ = {isa = PBXFileReference; lastKnownFileType = text.plist.entitlements; path = MyPR.entitlements; sourceTree = "<group>"; };
		AE70C1D8214D2002007A3B92 /* LiftTabBarViewController.swift */ = {isa = PBXFileReference; lastKnownFileType = sourcecode.swift; path = LiftTabBarViewController.swift; sourceTree = "<group>"; };
		AE7923E02149EA4A00234CAF /* PercentagesViewController.swift */ = {isa = PBXFileReference; lastKnownFileType = sourcecode.swift; path = PercentagesViewController.swift; sourceTree = "<group>"; };
		AEA0581521FB7A6F00369FFE /* DashTableViewCell.swift */ = {isa = PBXFileReference; lastKnownFileType = sourcecode.swift; path = DashTableViewCell.swift; sourceTree = "<group>"; };
		AEA343212148973800B8BA61 /* LiftHistoryViewController.swift */ = {isa = PBXFileReference; lastKnownFileType = sourcecode.swift; path = LiftHistoryViewController.swift; sourceTree = "<group>"; };
		AEA34325214897EC00B8BA61 /* LiftHistoryTableViewCell.swift */ = {isa = PBXFileReference; lastKnownFileType = sourcecode.swift; path = LiftHistoryTableViewCell.swift; sourceTree = "<group>"; };
		AEAAB9A72193DAAB0016BE62 /* DBNavViewController.swift */ = {isa = PBXFileReference; lastKnownFileType = sourcecode.swift; path = DBNavViewController.swift; sourceTree = "<group>"; };
		AEB115F421372C5400F49EAE /* ChooseLiftTableViewController.swift */ = {isa = PBXFileReference; lastKnownFileType = sourcecode.swift; path = ChooseLiftTableViewController.swift; sourceTree = "<group>"; };
		AEB74353212F56E9007A3425 /* MyPR.app */ = {isa = PBXFileReference; explicitFileType = wrapper.application; includeInIndex = 0; path = MyPR.app; sourceTree = BUILT_PRODUCTS_DIR; };
		AEB74356212F56E9007A3425 /* AppDelegate.swift */ = {isa = PBXFileReference; lastKnownFileType = sourcecode.swift; path = AppDelegate.swift; sourceTree = "<group>"; };
		AEB7435B212F56EA007A3425 /* Base */ = {isa = PBXFileReference; lastKnownFileType = file.storyboard; name = Base; path = Base.lproj/Main.storyboard; sourceTree = "<group>"; };
		AEB7435D212F56EB007A3425 /* Assets.xcassets */ = {isa = PBXFileReference; lastKnownFileType = folder.assetcatalog; path = Assets.xcassets; sourceTree = "<group>"; };
		AEB74360212F56EB007A3425 /* Base */ = {isa = PBXFileReference; lastKnownFileType = file.storyboard; name = Base; path = Base.lproj/LaunchScreen.storyboard; sourceTree = "<group>"; };
		AEB74362212F56EB007A3425 /* Info.plist */ = {isa = PBXFileReference; lastKnownFileType = text.plist.xml; path = Info.plist; sourceTree = "<group>"; };
		AEB74367212F56EB007A3425 /* MyPRTests.xctest */ = {isa = PBXFileReference; explicitFileType = wrapper.cfbundle; includeInIndex = 0; path = MyPRTests.xctest; sourceTree = BUILT_PRODUCTS_DIR; };
		AEB7436B212F56EB007A3425 /* MyPRTests.swift */ = {isa = PBXFileReference; lastKnownFileType = sourcecode.swift; path = MyPRTests.swift; sourceTree = "<group>"; };
		AEB7436D212F56EB007A3425 /* Info.plist */ = {isa = PBXFileReference; lastKnownFileType = text.plist.xml; path = Info.plist; sourceTree = "<group>"; };
		AEB74372212F56EB007A3425 /* MyPRUITests.xctest */ = {isa = PBXFileReference; explicitFileType = wrapper.cfbundle; includeInIndex = 0; path = MyPRUITests.xctest; sourceTree = BUILT_PRODUCTS_DIR; };
		AEB74376212F56EB007A3425 /* MyPRUITests.swift */ = {isa = PBXFileReference; lastKnownFileType = sourcecode.swift; path = MyPRUITests.swift; sourceTree = "<group>"; };
		AEB74378212F56EB007A3425 /* Info.plist */ = {isa = PBXFileReference; lastKnownFileType = text.plist.xml; path = Info.plist; sourceTree = "<group>"; };
		AEB74384212F571B007A3425 /* Lift.swift */ = {isa = PBXFileReference; lastKnownFileType = sourcecode.swift; path = Lift.swift; sourceTree = "<group>"; };
		AEB7438C212F90E5007A3425 /* RecordLiftTableViewController.swift */ = {isa = PBXFileReference; lastKnownFileType = sourcecode.swift; path = RecordLiftTableViewController.swift; sourceTree = "<group>"; };
		AECE5E53215D784C00285155 /* User.swift */ = {isa = PBXFileReference; lastKnownFileType = sourcecode.swift; path = User.swift; sourceTree = "<group>"; };
		AED3DC1921B43FFA0007107F /* GoogleService-Info.plist */ = {isa = PBXFileReference; fileEncoding = 4; lastKnownFileType = text.plist.xml; path = "GoogleService-Info.plist"; sourceTree = "<group>"; };
		AEDEF85721558A3000AA78B7 /* LoginViewController.swift */ = {isa = PBXFileReference; lastKnownFileType = sourcecode.swift; path = LoginViewController.swift; sourceTree = "<group>"; };
		AEDEF859215590C300AA78B7 /* SignUpViewController.swift */ = {isa = PBXFileReference; lastKnownFileType = sourcecode.swift; path = SignUpViewController.swift; sourceTree = "<group>"; };
		AEEE964121E7BC7B0013829B /* Endurance.swift */ = {isa = PBXFileReference; lastKnownFileType = sourcecode.swift; path = Endurance.swift; sourceTree = "<group>"; };
		AEEE964321E7C7B20013829B /* Strings.swift */ = {isa = PBXFileReference; lastKnownFileType = sourcecode.swift; path = Strings.swift; sourceTree = "<group>"; };
		AEFE283021F7C5B200ADFF5B /* DashboardViewController.swift */ = {isa = PBXFileReference; lastKnownFileType = sourcecode.swift; path = DashboardViewController.swift; sourceTree = "<group>"; };
		BF06F0EE6931886F829499C7 /* Pods-MyPR.debug.xcconfig */ = {isa = PBXFileReference; includeInIndex = 1; lastKnownFileType = text.xcconfig; name = "Pods-MyPR.debug.xcconfig"; path = "Pods/Target Support Files/Pods-MyPR/Pods-MyPR.debug.xcconfig"; sourceTree = "<group>"; };
		D2AD9BC168764F36A3531476 /* Pods-MyPR-MyPRTests.release.xcconfig */ = {isa = PBXFileReference; includeInIndex = 1; lastKnownFileType = text.xcconfig; name = "Pods-MyPR-MyPRTests.release.xcconfig"; path = "Pods/Target Support Files/Pods-MyPR-MyPRTests/Pods-MyPR-MyPRTests.release.xcconfig"; sourceTree = "<group>"; };
/* End PBXFileReference section */

/* Begin PBXFrameworksBuildPhase section */
		AEB74350212F56E9007A3425 /* Frameworks */ = {
			isa = PBXFrameworksBuildPhase;
			buildActionMask = 2147483647;
			files = (
				4D74542A21389669E45BAB99 /* Pods_MyPR.framework in Frameworks */,
			);
			runOnlyForDeploymentPostprocessing = 0;
		};
		AEB74364212F56EB007A3425 /* Frameworks */ = {
			isa = PBXFrameworksBuildPhase;
			buildActionMask = 2147483647;
			files = (
				CD0BAFEA8630526B223B0C3F /* Pods_MyPR_MyPRTests.framework in Frameworks */,
			);
			runOnlyForDeploymentPostprocessing = 0;
		};
		AEB7436F212F56EB007A3425 /* Frameworks */ = {
			isa = PBXFrameworksBuildPhase;
			buildActionMask = 2147483647;
			files = (
			);
			runOnlyForDeploymentPostprocessing = 0;
		};
/* End PBXFrameworksBuildPhase section */

/* Begin PBXGroup section */
		4FB2398A50F949877CD3B83D /* Pods */ = {
			isa = PBXGroup;
			children = (
				BF06F0EE6931886F829499C7 /* Pods-MyPR.debug.xcconfig */,
				8E54AE842689515BF8200725 /* Pods-MyPR.release.xcconfig */,
				63FDEFA992D8738382C4BF20 /* Pods-MyPR-MyPRTests.debug.xcconfig */,
				D2AD9BC168764F36A3531476 /* Pods-MyPR-MyPRTests.release.xcconfig */,
			);
			name = Pods;
			sourceTree = "<group>";
		};
		AE2FA9292143F9DF00622DCD /* Utils */ = {
			isa = PBXGroup;
			children = (
				AE2FA92A2143F9F600622DCD /* Extensions.swift */,
				AEEE964321E7C7B20013829B /* Strings.swift */,
			);
			path = Utils;
			sourceTree = "<group>";
		};
		AEA5B5D22159A60D002B9070 /* Models */ = {
			isa = PBXGroup;
			children = (
				AEB74384212F571B007A3425 /* Lift.swift */,
				AECE5E53215D784C00285155 /* User.swift */,
				AE0C4DBB216D1DC100F99644 /* LiftCategories.swift */,
				AEEE964121E7BC7B0013829B /* Endurance.swift */,
			);
			path = Models;
			sourceTree = "<group>";
		};
		AEA5B5D32159A63B002B9070 /* Controllers */ = {
			isa = PBXGroup;
			children = (
				AED3DC1C21B443DA0007107F /* LiftHistory */,
				AED3DC1B21B443A10007107F /* Percentages */,
				AEA5B5D62159A6C5002B9070 /* Login */,
				AEA5B5D42159A64C002B9070 /* Dashboard */,
				AEA5B5D52159A69E002B9070 /* RecordLift */,
			);
			path = Controllers;
			sourceTree = "<group>";
		};
		AEA5B5D42159A64C002B9070 /* Dashboard */ = {
			isa = PBXGroup;
			children = (
				AED488F921FB9ED80066F658 /* Endurance */,
				AEAAB9A72193DAAB0016BE62 /* DBNavViewController.swift */,
				AEFE283021F7C5B200ADFF5B /* DashboardViewController.swift */,
				AEA0581521FB7A6F00369FFE /* DashTableViewCell.swift */,
			);
			path = Dashboard;
			sourceTree = "<group>";
		};
		AEA5B5D52159A69E002B9070 /* RecordLift */ = {
			isa = PBXGroup;
			children = (
				AEB115F421372C5400F49EAE /* ChooseLiftTableViewController.swift */,
				AEB7438C212F90E5007A3425 /* RecordLiftTableViewController.swift */,
			);
			path = RecordLift;
			sourceTree = "<group>";
		};
		AEA5B5D62159A6C5002B9070 /* Login */ = {
			isa = PBXGroup;
			children = (
				AEDEF85721558A3000AA78B7 /* LoginViewController.swift */,
				AEDEF859215590C300AA78B7 /* SignUpViewController.swift */,
			);
			path = Login;
			sourceTree = "<group>";
		};
		AEB7434A212F56E9007A3425 = {
			isa = PBXGroup;
			children = (
				AEB74355212F56E9007A3425 /* MyPR */,
				AEB7436A212F56EB007A3425 /* MyPRTests */,
				AEB74375212F56EB007A3425 /* MyPRUITests */,
				AEB74354212F56E9007A3425 /* Products */,
				4FB2398A50F949877CD3B83D /* Pods */,
				B668E42B1F9F84626C012652 /* Frameworks */,
			);
			sourceTree = "<group>";
		};
		AEB74354212F56E9007A3425 /* Products */ = {
			isa = PBXGroup;
			children = (
				AEB74353212F56E9007A3425 /* MyPR.app */,
				AEB74367212F56EB007A3425 /* MyPRTests.xctest */,
				AEB74372212F56EB007A3425 /* MyPRUITests.xctest */,
			);
			name = Products;
			sourceTree = "<group>";
		};
		AEB74355212F56E9007A3425 /* MyPR */ = {
			isa = PBXGroup;
			children = (
				AE6CB67621BDFF8800D4BAD9 /* MyPR.entitlements */,
				AE2FA9292143F9DF00622DCD /* Utils */,
				AEA5B5D22159A60D002B9070 /* Models */,
				AEA5B5D32159A63B002B9070 /* Controllers */,
				AEB7435A212F56EA007A3425 /* Main.storyboard */,
				AEB74356212F56E9007A3425 /* AppDelegate.swift */,
				AEB7435D212F56EB007A3425 /* Assets.xcassets */,
				AEB7435F212F56EB007A3425 /* LaunchScreen.storyboard */,
				AED3DC1921B43FFA0007107F /* GoogleService-Info.plist */,
				AEB74362212F56EB007A3425 /* Info.plist */,
			);
			path = MyPR;
			sourceTree = "<group>";
		};
		AEB7436A212F56EB007A3425 /* MyPRTests */ = {
			isa = PBXGroup;
			children = (
				AEB7436B212F56EB007A3425 /* MyPRTests.swift */,
				AEB7436D212F56EB007A3425 /* Info.plist */,
			);
			path = MyPRTests;
			sourceTree = "<group>";
		};
		AEB74375212F56EB007A3425 /* MyPRUITests */ = {
			isa = PBXGroup;
			children = (
				AEB74376212F56EB007A3425 /* MyPRUITests.swift */,
				AE6CB67421BDE9B200D4BAD9 /* SnapshotHelper.swift */,
				AEB74378212F56EB007A3425 /* Info.plist */,
			);
			path = MyPRUITests;
			sourceTree = "<group>";
		};
		AED3DC1B21B443A10007107F /* Percentages */ = {
			isa = PBXGroup;
			children = (
				AE70C1D8214D2002007A3B92 /* LiftTabBarViewController.swift */,
				AE7923E02149EA4A00234CAF /* PercentagesViewController.swift */,
			);
			path = Percentages;
			sourceTree = "<group>";
		};
		AED3DC1C21B443DA0007107F /* LiftHistory */ = {
			isa = PBXGroup;
			children = (
				AEA34325214897EC00B8BA61 /* LiftHistoryTableViewCell.swift */,
				AEA343212148973800B8BA61 /* LiftHistoryViewController.swift */,
			);
			path = LiftHistory;
			sourceTree = "<group>";
		};
		AED488F921FB9ED80066F658 /* Endurance */ = {
			isa = PBXGroup;
			children = (
			);
			path = Endurance;
			sourceTree = "<group>";
		};
		B668E42B1F9F84626C012652 /* Frameworks */ = {
			isa = PBXGroup;
			children = (
				2315A8030421F46D09B4BD83 /* Pods_MyPR.framework */,
				93AC196CB4AAEFBF9F496811 /* Pods_MyPR_MyPRTests.framework */,
			);
			name = Frameworks;
			sourceTree = "<group>";
		};
/* End PBXGroup section */

/* Begin PBXNativeTarget section */
		AEB74352212F56E9007A3425 /* MyPR */ = {
			isa = PBXNativeTarget;
			buildConfigurationList = AEB7437B212F56EB007A3425 /* Build configuration list for PBXNativeTarget "MyPR" */;
			buildPhases = (
				84AF82D1A1EF1069B9A43E83 /* [CP] Check Pods Manifest.lock */,
				AEB7434F212F56E9007A3425 /* Sources */,
				AEB74350212F56E9007A3425 /* Frameworks */,
				AEB74351212F56E9007A3425 /* Resources */,
				2EA1C15AD1BE04265D4936E6 /* [CP] Embed Pods Frameworks */,
				AED3DC1821B350B50007107F /* ShellScript */,
			);
			buildRules = (
			);
			dependencies = (
			);
			name = MyPR;
			productName = MyPR;
			productReference = AEB74353212F56E9007A3425 /* MyPR.app */;
			productType = "com.apple.product-type.application";
		};
		AEB74366212F56EB007A3425 /* MyPRTests */ = {
			isa = PBXNativeTarget;
			buildConfigurationList = AEB7437E212F56EB007A3425 /* Build configuration list for PBXNativeTarget "MyPRTests" */;
			buildPhases = (
				38A4DB32188D5A25D9F80C97 /* [CP] Check Pods Manifest.lock */,
				AEB74363212F56EB007A3425 /* Sources */,
				AEB74364212F56EB007A3425 /* Frameworks */,
				AEB74365212F56EB007A3425 /* Resources */,
				654A721B86D2493A9A30505A /* [CP] Embed Pods Frameworks */,
			);
			buildRules = (
			);
			dependencies = (
				AEB74369212F56EB007A3425 /* PBXTargetDependency */,
			);
			name = MyPRTests;
			productName = MyPRTests;
			productReference = AEB74367212F56EB007A3425 /* MyPRTests.xctest */;
			productType = "com.apple.product-type.bundle.unit-test";
		};
		AEB74371212F56EB007A3425 /* MyPRUITests */ = {
			isa = PBXNativeTarget;
			buildConfigurationList = AEB74381212F56EB007A3425 /* Build configuration list for PBXNativeTarget "MyPRUITests" */;
			buildPhases = (
				AEB7436E212F56EB007A3425 /* Sources */,
				AEB7436F212F56EB007A3425 /* Frameworks */,
				AEB74370212F56EB007A3425 /* Resources */,
			);
			buildRules = (
			);
			dependencies = (
				AEB74374212F56EB007A3425 /* PBXTargetDependency */,
			);
			name = MyPRUITests;
			productName = MyPRUITests;
			productReference = AEB74372212F56EB007A3425 /* MyPRUITests.xctest */;
			productType = "com.apple.product-type.bundle.ui-testing";
		};
/* End PBXNativeTarget section */

/* Begin PBXProject section */
		AEB7434B212F56E9007A3425 /* Project object */ = {
			isa = PBXProject;
			attributes = {
				LastSwiftUpdateCheck = 0940;
				LastUpgradeCheck = 0940;
				ORGANIZATIONNAME = PeteGels;
				TargetAttributes = {
					AEB74352212F56E9007A3425 = {
						CreatedOnToolsVersion = 9.4;
						SystemCapabilities = {
							com.apple.Push = {
								enabled = 1;
							};
						};
					};
					AEB74366212F56EB007A3425 = {
						CreatedOnToolsVersion = 9.4;
						TestTargetID = AEB74352212F56E9007A3425;
					};
					AEB74371212F56EB007A3425 = {
						CreatedOnToolsVersion = 9.4;
						TestTargetID = AEB74352212F56E9007A3425;
					};
				};
			};
			buildConfigurationList = AEB7434E212F56E9007A3425 /* Build configuration list for PBXProject "MyPR" */;
			compatibilityVersion = "Xcode 9.3";
			developmentRegion = en;
			hasScannedForEncodings = 0;
			knownRegions = (
				en,
				Base,
			);
			mainGroup = AEB7434A212F56E9007A3425;
			productRefGroup = AEB74354212F56E9007A3425 /* Products */;
			projectDirPath = "";
			projectRoot = "";
			targets = (
				AEB74352212F56E9007A3425 /* MyPR */,
				AEB74366212F56EB007A3425 /* MyPRTests */,
				AEB74371212F56EB007A3425 /* MyPRUITests */,
			);
		};
/* End PBXProject section */

/* Begin PBXResourcesBuildPhase section */
		AEB74351212F56E9007A3425 /* Resources */ = {
			isa = PBXResourcesBuildPhase;
			buildActionMask = 2147483647;
			files = (
				AEB74361212F56EB007A3425 /* LaunchScreen.storyboard in Resources */,
				AED3DC1A21B43FFA0007107F /* GoogleService-Info.plist in Resources */,
				AEB7435E212F56EB007A3425 /* Assets.xcassets in Resources */,
				AEB7435C212F56EA007A3425 /* Main.storyboard in Resources */,
			);
			runOnlyForDeploymentPostprocessing = 0;
		};
		AEB74365212F56EB007A3425 /* Resources */ = {
			isa = PBXResourcesBuildPhase;
			buildActionMask = 2147483647;
			files = (
			);
			runOnlyForDeploymentPostprocessing = 0;
		};
		AEB74370212F56EB007A3425 /* Resources */ = {
			isa = PBXResourcesBuildPhase;
			buildActionMask = 2147483647;
			files = (
			);
			runOnlyForDeploymentPostprocessing = 0;
		};
/* End PBXResourcesBuildPhase section */

/* Begin PBXShellScriptBuildPhase section */
		2EA1C15AD1BE04265D4936E6 /* [CP] Embed Pods Frameworks */ = {
			isa = PBXShellScriptBuildPhase;
			buildActionMask = 2147483647;
			files = (
			);
			inputPaths = (
				"${PODS_ROOT}/Target Support Files/Pods-MyPR/Pods-MyPR-frameworks.sh",
				"${BUILT_PRODUCTS_DIR}/GTMSessionFetcher/GTMSessionFetcher.framework",
				"${BUILT_PRODUCTS_DIR}/GoogleUtilities/GoogleUtilities.framework",
				"${BUILT_PRODUCTS_DIR}/Realm/Realm.framework",
				"${BUILT_PRODUCTS_DIR}/RealmSwift/RealmSwift.framework",
				"${BUILT_PRODUCTS_DIR}/leveldb-library/leveldb.framework",
				"${BUILT_PRODUCTS_DIR}/nanopb/nanopb.framework",
			);
			name = "[CP] Embed Pods Frameworks";
			outputPaths = (
				"${TARGET_BUILD_DIR}/${FRAMEWORKS_FOLDER_PATH}/GTMSessionFetcher.framework",
				"${TARGET_BUILD_DIR}/${FRAMEWORKS_FOLDER_PATH}/GoogleUtilities.framework",
				"${TARGET_BUILD_DIR}/${FRAMEWORKS_FOLDER_PATH}/Realm.framework",
				"${TARGET_BUILD_DIR}/${FRAMEWORKS_FOLDER_PATH}/RealmSwift.framework",
				"${TARGET_BUILD_DIR}/${FRAMEWORKS_FOLDER_PATH}/leveldb.framework",
				"${TARGET_BUILD_DIR}/${FRAMEWORKS_FOLDER_PATH}/nanopb.framework",
			);
			runOnlyForDeploymentPostprocessing = 0;
			shellPath = /bin/sh;
			shellScript = "\"${PODS_ROOT}/Target Support Files/Pods-MyPR/Pods-MyPR-frameworks.sh\"\n";
			showEnvVarsInLog = 0;
		};
		38A4DB32188D5A25D9F80C97 /* [CP] Check Pods Manifest.lock */ = {
			isa = PBXShellScriptBuildPhase;
			buildActionMask = 2147483647;
			files = (
			);
			inputFileListPaths = (
			);
			inputPaths = (
				"${PODS_PODFILE_DIR_PATH}/Podfile.lock",
				"${PODS_ROOT}/Manifest.lock",
			);
			name = "[CP] Check Pods Manifest.lock";
			outputFileListPaths = (
			);
			outputPaths = (
				"$(DERIVED_FILE_DIR)/Pods-MyPR-MyPRTests-checkManifestLockResult.txt",
			);
			runOnlyForDeploymentPostprocessing = 0;
			shellPath = /bin/sh;
			shellScript = "diff \"${PODS_PODFILE_DIR_PATH}/Podfile.lock\" \"${PODS_ROOT}/Manifest.lock\" > /dev/null\nif [ $? != 0 ] ; then\n    # print error to STDERR\n    echo \"error: The sandbox is not in sync with the Podfile.lock. Run 'pod install' or update your CocoaPods installation.\" >&2\n    exit 1\nfi\n# This output is used by Xcode 'outputs' to avoid re-running this script phase.\necho \"SUCCESS\" > \"${SCRIPT_OUTPUT_FILE_0}\"\n";
			showEnvVarsInLog = 0;
		};
		654A721B86D2493A9A30505A /* [CP] Embed Pods Frameworks */ = {
			isa = PBXShellScriptBuildPhase;
			buildActionMask = 2147483647;
			files = (
			);
			inputFileListPaths = (
			);
			inputPaths = (
				"${PODS_ROOT}/Target Support Files/Pods-MyPR-MyPRTests/Pods-MyPR-MyPRTests-frameworks.sh",
				"${BUILT_PRODUCTS_DIR}/GTMSessionFetcher/GTMSessionFetcher.framework",
				"${BUILT_PRODUCTS_DIR}/GoogleUtilities/GoogleUtilities.framework",
				"${BUILT_PRODUCTS_DIR}/Realm/Realm.framework",
				"${BUILT_PRODUCTS_DIR}/RealmSwift/RealmSwift.framework",
				"${BUILT_PRODUCTS_DIR}/leveldb-library/leveldb.framework",
				"${BUILT_PRODUCTS_DIR}/nanopb/nanopb.framework",
			);
			name = "[CP] Embed Pods Frameworks";
			outputFileListPaths = (
			);
			outputPaths = (
				"${TARGET_BUILD_DIR}/${FRAMEWORKS_FOLDER_PATH}/GTMSessionFetcher.framework",
				"${TARGET_BUILD_DIR}/${FRAMEWORKS_FOLDER_PATH}/GoogleUtilities.framework",
				"${TARGET_BUILD_DIR}/${FRAMEWORKS_FOLDER_PATH}/Realm.framework",
				"${TARGET_BUILD_DIR}/${FRAMEWORKS_FOLDER_PATH}/RealmSwift.framework",
				"${TARGET_BUILD_DIR}/${FRAMEWORKS_FOLDER_PATH}/leveldb.framework",
				"${TARGET_BUILD_DIR}/${FRAMEWORKS_FOLDER_PATH}/nanopb.framework",
			);
			runOnlyForDeploymentPostprocessing = 0;
			shellPath = /bin/sh;
			shellScript = "\"${PODS_ROOT}/Target Support Files/Pods-MyPR-MyPRTests/Pods-MyPR-MyPRTests-frameworks.sh\"\n";
			showEnvVarsInLog = 0;
		};
		84AF82D1A1EF1069B9A43E83 /* [CP] Check Pods Manifest.lock */ = {
			isa = PBXShellScriptBuildPhase;
			buildActionMask = 2147483647;
			files = (
			);
			inputPaths = (
				"${PODS_PODFILE_DIR_PATH}/Podfile.lock",
				"${PODS_ROOT}/Manifest.lock",
			);
			name = "[CP] Check Pods Manifest.lock";
			outputPaths = (
				"$(DERIVED_FILE_DIR)/Pods-MyPR-checkManifestLockResult.txt",
			);
			runOnlyForDeploymentPostprocessing = 0;
			shellPath = /bin/sh;
			shellScript = "diff \"${PODS_PODFILE_DIR_PATH}/Podfile.lock\" \"${PODS_ROOT}/Manifest.lock\" > /dev/null\nif [ $? != 0 ] ; then\n    # print error to STDERR\n    echo \"error: The sandbox is not in sync with the Podfile.lock. Run 'pod install' or update your CocoaPods installation.\" >&2\n    exit 1\nfi\n# This output is used by Xcode 'outputs' to avoid re-running this script phase.\necho \"SUCCESS\" > \"${SCRIPT_OUTPUT_FILE_0}\"\n";
			showEnvVarsInLog = 0;
		};
		AED3DC1821B350B50007107F /* ShellScript */ = {
			isa = PBXShellScriptBuildPhase;
			buildActionMask = 2147483647;
			files = (
			);
			inputFileListPaths = (
			);
			inputPaths = (
				"$(BUILT_PRODUCTS_DIR)/Info.plist",
			);
			outputFileListPaths = (
			);
			outputPaths = (
			);
			runOnlyForDeploymentPostprocessing = 0;
			shellPath = /bin/sh;
			shellScript = "\"${PODS_ROOT}/Fabric/run\"\n\n";
		};
/* End PBXShellScriptBuildPhase section */

/* Begin PBXSourcesBuildPhase section */
		AEB7434F212F56E9007A3425 /* Sources */ = {
			isa = PBXSourcesBuildPhase;
			buildActionMask = 2147483647;
			files = (
				AEFE283121F7C5B200ADFF5B /* DashboardViewController.swift in Sources */,
				AEDEF85821558A3000AA78B7 /* LoginViewController.swift in Sources */,
				AEA34326214897EC00B8BA61 /* LiftHistoryTableViewCell.swift in Sources */,
				AE7923E12149EA4A00234CAF /* PercentagesViewController.swift in Sources */,
				AECE5E54215D784C00285155 /* User.swift in Sources */,
				AE0C4DBC216D1DC100F99644 /* LiftCategories.swift in Sources */,
				AEEE964221E7BC7B0013829B /* Endurance.swift in Sources */,
				AEA343222148973800B8BA61 /* LiftHistoryViewController.swift in Sources */,
				AEB74357212F56E9007A3425 /* AppDelegate.swift in Sources */,
				AEB7438D212F90E5007A3425 /* RecordLiftTableViewController.swift in Sources */,
				AE70C1D9214D2002007A3B92 /* LiftTabBarViewController.swift in Sources */,
				AEDEF85A215590C300AA78B7 /* SignUpViewController.swift in Sources */,
				AEB115F521372C5400F49EAE /* ChooseLiftTableViewController.swift in Sources */,
				AEB74385212F571C007A3425 /* Lift.swift in Sources */,
				AEAAB9A82193DAAB0016BE62 /* DBNavViewController.swift in Sources */,
				AEEE964421E7C7B20013829B /* Strings.swift in Sources */,
				AE2FA92B2143F9F600622DCD /* Extensions.swift in Sources */,
				AEA0581621FB7A6F00369FFE /* DashTableViewCell.swift in Sources */,
			);
			runOnlyForDeploymentPostprocessing = 0;
		};
		AEB74363212F56EB007A3425 /* Sources */ = {
			isa = PBXSourcesBuildPhase;
			buildActionMask = 2147483647;
			files = (
				AEB7436C212F56EB007A3425 /* MyPRTests.swift in Sources */,
			);
			runOnlyForDeploymentPostprocessing = 0;
		};
		AEB7436E212F56EB007A3425 /* Sources */ = {
			isa = PBXSourcesBuildPhase;
			buildActionMask = 2147483647;
			files = (
				AEB74377212F56EB007A3425 /* MyPRUITests.swift in Sources */,
				AE6CB67521BDE9B200D4BAD9 /* SnapshotHelper.swift in Sources */,
			);
			runOnlyForDeploymentPostprocessing = 0;
		};
/* End PBXSourcesBuildPhase section */

/* Begin PBXTargetDependency section */
		AEB74369212F56EB007A3425 /* PBXTargetDependency */ = {
			isa = PBXTargetDependency;
			target = AEB74352212F56E9007A3425 /* MyPR */;
			targetProxy = AEB74368212F56EB007A3425 /* PBXContainerItemProxy */;
		};
		AEB74374212F56EB007A3425 /* PBXTargetDependency */ = {
			isa = PBXTargetDependency;
			target = AEB74352212F56E9007A3425 /* MyPR */;
			targetProxy = AEB74373212F56EB007A3425 /* PBXContainerItemProxy */;
		};
/* End PBXTargetDependency section */

/* Begin PBXVariantGroup section */
		AEB7435A212F56EA007A3425 /* Main.storyboard */ = {
			isa = PBXVariantGroup;
			children = (
				AEB7435B212F56EA007A3425 /* Base */,
			);
			name = Main.storyboard;
			sourceTree = "<group>";
		};
		AEB7435F212F56EB007A3425 /* LaunchScreen.storyboard */ = {
			isa = PBXVariantGroup;
			children = (
				AEB74360212F56EB007A3425 /* Base */,
			);
			name = LaunchScreen.storyboard;
			sourceTree = "<group>";
		};
/* End PBXVariantGroup section */

/* Begin XCBuildConfiguration section */
		AEB74379212F56EB007A3425 /* Debug */ = {
			isa = XCBuildConfiguration;
			buildSettings = {
				ALWAYS_SEARCH_USER_PATHS = NO;
				CLANG_ANALYZER_NONNULL = YES;
				CLANG_ANALYZER_NUMBER_OBJECT_CONVERSION = YES_AGGRESSIVE;
				CLANG_CXX_LANGUAGE_STANDARD = "gnu++14";
				CLANG_CXX_LIBRARY = "libc++";
				CLANG_ENABLE_MODULES = YES;
				CLANG_ENABLE_OBJC_ARC = YES;
				CLANG_ENABLE_OBJC_WEAK = YES;
				CLANG_WARN_BLOCK_CAPTURE_AUTORELEASING = YES;
				CLANG_WARN_BOOL_CONVERSION = YES;
				CLANG_WARN_COMMA = YES;
				CLANG_WARN_CONSTANT_CONVERSION = YES;
				CLANG_WARN_DEPRECATED_OBJC_IMPLEMENTATIONS = YES;
				CLANG_WARN_DIRECT_OBJC_ISA_USAGE = YES_ERROR;
				CLANG_WARN_DOCUMENTATION_COMMENTS = YES;
				CLANG_WARN_EMPTY_BODY = YES;
				CLANG_WARN_ENUM_CONVERSION = YES;
				CLANG_WARN_INFINITE_RECURSION = YES;
				CLANG_WARN_INT_CONVERSION = YES;
				CLANG_WARN_NON_LITERAL_NULL_CONVERSION = YES;
				CLANG_WARN_OBJC_IMPLICIT_RETAIN_SELF = YES;
				CLANG_WARN_OBJC_LITERAL_CONVERSION = YES;
				CLANG_WARN_OBJC_ROOT_CLASS = YES_ERROR;
				CLANG_WARN_RANGE_LOOP_ANALYSIS = YES;
				CLANG_WARN_STRICT_PROTOTYPES = YES;
				CLANG_WARN_SUSPICIOUS_MOVE = YES;
				CLANG_WARN_UNGUARDED_AVAILABILITY = YES_AGGRESSIVE;
				CLANG_WARN_UNREACHABLE_CODE = YES;
				CLANG_WARN__DUPLICATE_METHOD_MATCH = YES;
				CODE_SIGN_IDENTITY = "iPhone Developer";
				COPY_PHASE_STRIP = NO;
				DEBUG_INFORMATION_FORMAT = dwarf;
				ENABLE_STRICT_OBJC_MSGSEND = YES;
				ENABLE_TESTABILITY = YES;
				GCC_C_LANGUAGE_STANDARD = gnu11;
				GCC_DYNAMIC_NO_PIC = NO;
				GCC_NO_COMMON_BLOCKS = YES;
				GCC_OPTIMIZATION_LEVEL = 0;
				GCC_PREPROCESSOR_DEFINITIONS = (
					"DEBUG=1",
					"$(inherited)",
				);
				GCC_WARN_64_TO_32_BIT_CONVERSION = YES;
				GCC_WARN_ABOUT_RETURN_TYPE = YES_ERROR;
				GCC_WARN_UNDECLARED_SELECTOR = YES;
				GCC_WARN_UNINITIALIZED_AUTOS = YES_AGGRESSIVE;
				GCC_WARN_UNUSED_FUNCTION = YES;
				GCC_WARN_UNUSED_VARIABLE = YES;
				IPHONEOS_DEPLOYMENT_TARGET = 11.4;
				MTL_ENABLE_DEBUG_INFO = YES;
				ONLY_ACTIVE_ARCH = YES;
				SDKROOT = iphoneos;
				SWIFT_ACTIVE_COMPILATION_CONDITIONS = DEBUG;
				SWIFT_OPTIMIZATION_LEVEL = "-Onone";
			};
			name = Debug;
		};
		AEB7437A212F56EB007A3425 /* Release */ = {
			isa = XCBuildConfiguration;
			buildSettings = {
				ALWAYS_SEARCH_USER_PATHS = NO;
				CLANG_ANALYZER_NONNULL = YES;
				CLANG_ANALYZER_NUMBER_OBJECT_CONVERSION = YES_AGGRESSIVE;
				CLANG_CXX_LANGUAGE_STANDARD = "gnu++14";
				CLANG_CXX_LIBRARY = "libc++";
				CLANG_ENABLE_MODULES = YES;
				CLANG_ENABLE_OBJC_ARC = YES;
				CLANG_ENABLE_OBJC_WEAK = YES;
				CLANG_WARN_BLOCK_CAPTURE_AUTORELEASING = YES;
				CLANG_WARN_BOOL_CONVERSION = YES;
				CLANG_WARN_COMMA = YES;
				CLANG_WARN_CONSTANT_CONVERSION = YES;
				CLANG_WARN_DEPRECATED_OBJC_IMPLEMENTATIONS = YES;
				CLANG_WARN_DIRECT_OBJC_ISA_USAGE = YES_ERROR;
				CLANG_WARN_DOCUMENTATION_COMMENTS = YES;
				CLANG_WARN_EMPTY_BODY = YES;
				CLANG_WARN_ENUM_CONVERSION = YES;
				CLANG_WARN_INFINITE_RECURSION = YES;
				CLANG_WARN_INT_CONVERSION = YES;
				CLANG_WARN_NON_LITERAL_NULL_CONVERSION = YES;
				CLANG_WARN_OBJC_IMPLICIT_RETAIN_SELF = YES;
				CLANG_WARN_OBJC_LITERAL_CONVERSION = YES;
				CLANG_WARN_OBJC_ROOT_CLASS = YES_ERROR;
				CLANG_WARN_RANGE_LOOP_ANALYSIS = YES;
				CLANG_WARN_STRICT_PROTOTYPES = YES;
				CLANG_WARN_SUSPICIOUS_MOVE = YES;
				CLANG_WARN_UNGUARDED_AVAILABILITY = YES_AGGRESSIVE;
				CLANG_WARN_UNREACHABLE_CODE = YES;
				CLANG_WARN__DUPLICATE_METHOD_MATCH = YES;
				CODE_SIGN_IDENTITY = "iPhone Developer";
				COPY_PHASE_STRIP = NO;
				DEBUG_INFORMATION_FORMAT = "dwarf-with-dsym";
				ENABLE_NS_ASSERTIONS = NO;
				ENABLE_STRICT_OBJC_MSGSEND = YES;
				GCC_C_LANGUAGE_STANDARD = gnu11;
				GCC_NO_COMMON_BLOCKS = YES;
				GCC_WARN_64_TO_32_BIT_CONVERSION = YES;
				GCC_WARN_ABOUT_RETURN_TYPE = YES_ERROR;
				GCC_WARN_UNDECLARED_SELECTOR = YES;
				GCC_WARN_UNINITIALIZED_AUTOS = YES_AGGRESSIVE;
				GCC_WARN_UNUSED_FUNCTION = YES;
				GCC_WARN_UNUSED_VARIABLE = YES;
				IPHONEOS_DEPLOYMENT_TARGET = 11.4;
				MTL_ENABLE_DEBUG_INFO = NO;
				SDKROOT = iphoneos;
				SWIFT_COMPILATION_MODE = wholemodule;
				SWIFT_OPTIMIZATION_LEVEL = "-O";
				VALIDATE_PRODUCT = YES;
			};
			name = Release;
		};
		AEB7437C212F56EB007A3425 /* Debug */ = {
			isa = XCBuildConfiguration;
			baseConfigurationReference = BF06F0EE6931886F829499C7 /* Pods-MyPR.debug.xcconfig */;
			buildSettings = {
				ASSETCATALOG_COMPILER_APPICON_NAME = AppIcon;
				CODE_SIGN_ENTITLEMENTS = MyPR/MyPR.entitlements;
				CODE_SIGN_IDENTITY = "iPhone Developer";
				CODE_SIGN_STYLE = Automatic;
				DEVELOPMENT_TEAM = H56GSBWVE6;
				INFOPLIST_FILE = MyPR/Info.plist;
				IPHONEOS_DEPLOYMENT_TARGET = 11.4;
				LD_RUNPATH_SEARCH_PATHS = (
					"$(inherited)",
					"@executable_path/Frameworks",
				);
				PRODUCT_BUNDLE_IDENTIFIER = com.petegels.MyPRs;
				PRODUCT_NAME = "$(TARGET_NAME)";
				PROVISIONING_PROFILE_SPECIFIER = "";
				SWIFT_VERSION = 4.0;
				TARGETED_DEVICE_FAMILY = "1,2";
			};
			name = Debug;
		};
		AEB7437D212F56EB007A3425 /* Release */ = {
			isa = XCBuildConfiguration;
			baseConfigurationReference = 8E54AE842689515BF8200725 /* Pods-MyPR.release.xcconfig */;
			buildSettings = {
				ASSETCATALOG_COMPILER_APPICON_NAME = AppIcon;
				CODE_SIGN_ENTITLEMENTS = MyPR/MyPR.entitlements;
				CODE_SIGN_IDENTITY = "iPhone Developer";
				CODE_SIGN_STYLE = Automatic;
				DEVELOPMENT_TEAM = H56GSBWVE6;
				INFOPLIST_FILE = MyPR/Info.plist;
				IPHONEOS_DEPLOYMENT_TARGET = 11.4;
				LD_RUNPATH_SEARCH_PATHS = (
					"$(inherited)",
					"@executable_path/Frameworks",
				);
				PRODUCT_BUNDLE_IDENTIFIER = com.petegels.MyPRs;
				PRODUCT_NAME = "$(TARGET_NAME)";
				PROVISIONING_PROFILE_SPECIFIER = "";
				SWIFT_VERSION = 4.0;
				TARGETED_DEVICE_FAMILY = "1,2";
			};
			name = Release;
		};
		AEB7437F212F56EB007A3425 /* Debug */ = {
			isa = XCBuildConfiguration;
			baseConfigurationReference = 63FDEFA992D8738382C4BF20 /* Pods-MyPR-MyPRTests.debug.xcconfig */;
			buildSettings = {
				ALWAYS_EMBED_SWIFT_STANDARD_LIBRARIES = YES;
				BUNDLE_LOADER = "$(TEST_HOST)";
				CODE_SIGN_STYLE = Automatic;
				DEVELOPMENT_TEAM = SGVJZ7G6WW;
				INFOPLIST_FILE = MyPRTests/Info.plist;
				LD_RUNPATH_SEARCH_PATHS = (
					"$(inherited)",
					"@executable_path/Frameworks",
					"@loader_path/Frameworks",
				);
				PRODUCT_BUNDLE_IDENTIFIER = com.petegels.MyPRTests;
				PRODUCT_NAME = "$(TARGET_NAME)";
				SWIFT_VERSION = 4.0;
				TARGETED_DEVICE_FAMILY = "1,2";
				TEST_HOST = "$(BUILT_PRODUCTS_DIR)/MyPR.app/MyPR";
			};
			name = Debug;
		};
		AEB74380212F56EB007A3425 /* Release */ = {
			isa = XCBuildConfiguration;
			baseConfigurationReference = D2AD9BC168764F36A3531476 /* Pods-MyPR-MyPRTests.release.xcconfig */;
			buildSettings = {
				ALWAYS_EMBED_SWIFT_STANDARD_LIBRARIES = YES;
				BUNDLE_LOADER = "$(TEST_HOST)";
				CODE_SIGN_STYLE = Automatic;
				DEVELOPMENT_TEAM = SGVJZ7G6WW;
				INFOPLIST_FILE = MyPRTests/Info.plist;
				LD_RUNPATH_SEARCH_PATHS = (
					"$(inherited)",
					"@executable_path/Frameworks",
					"@loader_path/Frameworks",
				);
				PRODUCT_BUNDLE_IDENTIFIER = com.petegels.MyPRTests;
				PRODUCT_NAME = "$(TARGET_NAME)";
				SWIFT_VERSION = 4.0;
				TARGETED_DEVICE_FAMILY = "1,2";
				TEST_HOST = "$(BUILT_PRODUCTS_DIR)/MyPR.app/MyPR";
			};
			name = Release;
		};
		AEB74382212F56EB007A3425 /* Debug */ = {
			isa = XCBuildConfiguration;
			buildSettings = {
				ALWAYS_EMBED_SWIFT_STANDARD_LIBRARIES = YES;
				CODE_SIGN_STYLE = Automatic;
				DEVELOPMENT_TEAM = SGVJZ7G6WW;
				INFOPLIST_FILE = MyPRUITests/Info.plist;
				LD_RUNPATH_SEARCH_PATHS = (
					"$(inherited)",
					"@executable_path/Frameworks",
					"@loader_path/Frameworks",
				);
				PRODUCT_BUNDLE_IDENTIFIER = com.petegels.MyPRUITests;
				PRODUCT_NAME = "$(TARGET_NAME)";
				SWIFT_VERSION = 4.0;
				TARGETED_DEVICE_FAMILY = "1,2";
				TEST_TARGET_NAME = MyPR;
			};
			name = Debug;
		};
		AEB74383212F56EB007A3425 /* Release */ = {
			isa = XCBuildConfiguration;
			buildSettings = {
				ALWAYS_EMBED_SWIFT_STANDARD_LIBRARIES = YES;
				CODE_SIGN_STYLE = Automatic;
				DEVELOPMENT_TEAM = SGVJZ7G6WW;
				INFOPLIST_FILE = MyPRUITests/Info.plist;
				LD_RUNPATH_SEARCH_PATHS = (
					"$(inherited)",
					"@executable_path/Frameworks",
					"@loader_path/Frameworks",
				);
				PRODUCT_BUNDLE_IDENTIFIER = com.petegels.MyPRUITests;
				PRODUCT_NAME = "$(TARGET_NAME)";
				SWIFT_VERSION = 4.0;
				TARGETED_DEVICE_FAMILY = "1,2";
				TEST_TARGET_NAME = MyPR;
			};
			name = Release;
		};
/* End XCBuildConfiguration section */

/* Begin XCConfigurationList section */
		AEB7434E212F56E9007A3425 /* Build configuration list for PBXProject "MyPR" */ = {
			isa = XCConfigurationList;
			buildConfigurations = (
				AEB74379212F56EB007A3425 /* Debug */,
				AEB7437A212F56EB007A3425 /* Release */,
			);
			defaultConfigurationIsVisible = 0;
			defaultConfigurationName = Release;
		};
		AEB7437B212F56EB007A3425 /* Build configuration list for PBXNativeTarget "MyPR" */ = {
			isa = XCConfigurationList;
			buildConfigurations = (
				AEB7437C212F56EB007A3425 /* Debug */,
				AEB7437D212F56EB007A3425 /* Release */,
			);
			defaultConfigurationIsVisible = 0;
			defaultConfigurationName = Release;
		};
		AEB7437E212F56EB007A3425 /* Build configuration list for PBXNativeTarget "MyPRTests" */ = {
			isa = XCConfigurationList;
			buildConfigurations = (
				AEB7437F212F56EB007A3425 /* Debug */,
				AEB74380212F56EB007A3425 /* Release */,
			);
			defaultConfigurationIsVisible = 0;
			defaultConfigurationName = Release;
		};
		AEB74381212F56EB007A3425 /* Build configuration list for PBXNativeTarget "MyPRUITests" */ = {
			isa = XCConfigurationList;
			buildConfigurations = (
				AEB74382212F56EB007A3425 /* Debug */,
				AEB74383212F56EB007A3425 /* Release */,
			);
			defaultConfigurationIsVisible = 0;
			defaultConfigurationName = Release;
		};
/* End XCConfigurationList section */
	};
	rootObject = AEB7434B212F56E9007A3425 /* Project object */;
}
